
Microsoft Visual Studio Solution File, Format Version 12.00
# Visual Studio Version 17
VisualStudioVersion = 17.13.35913.81 d17.13
MinimumVisualStudioVersion = 10.0.40219.1
Project("{FAE04EC0-301F-11D3-BF4B-00C04F79EFBC}") = "LAZConverter", "LAZConverter\LAZConverter.csproj", "{6BEFBDAC-7AFE-49E3-90CA-6BA4B0EE8233}"
EndProject
Global
	GlobalSection(SolutionConfigurationPlatforms) = preSolution
		Debug|Any CPU = Debug|Any CPU
		Release|Any CPU = Release|Any CPU
	EndGlobalSection
	GlobalSection(ProjectConfigurationPlatforms) = postSolution
		{6BEFBDAC-7AFE-49E3-90CA-6BA4B0EE8233}.Debug|Any CPU.ActiveCfg = Debug|Any CPU
		{6BEFBDAC-7AFE-49E3-90CA-6BA4B0EE8233}.Debug|Any CPU.Build.0 = Debug|Any CPU
		{6BEFBDAC-7AFE-49E3-90CA-6BA4B0EE8233}.Release|Any CPU.ActiveCfg = Release|Any CPU
		{6BEFBDAC-7AFE-49E3-90CA-6BA4B0EE8233}.Release|Any CPU.Build.0 = Release|Any CPU
	EndGlobalSection
	GlobalSection(SolutionProperties) = preSolution
		HideSolutionNode = FALSE
	EndGlobalSection
	GlobalSection(ExtensibilityGlobals) = postSolution
		SolutionGuid = {8CBF8230-2346-4E08-B3E6-188886908847}
	EndGlobalSection
EndGlobal
